
Microsoft Visual Studio Solution File, Format Version 12.00
# Visual Studio Version 16
VisualStudioVersion = 16.0.31129.286
MinimumVisualStudioVersion = 10.0.40219.1
Project("{FAE04EC0-301F-11D3-BF4B-00C04F79EFBC}") = "FinalProjectCurs", "FinalProjectCurs\FinalProjectCurs.csproj", "{AC38E6A3-9166-4B0F-8BA5-3F2CB4C0DA62}"
EndProject
Global
	GlobalSection(SolutionConfigurationPlatforms) = preSolution
		Debug|Any CPU = Debug|Any CPU
		Release|Any CPU = Release|Any CPU
	EndGlobalSection
	GlobalSection(ProjectConfigurationPlatforms) = postSolution
		{AC38E6A3-9166-4B0F-8BA5-3F2CB4C0DA62}.Debug|Any CPU.ActiveCfg = Debug|Any CPU
		{AC38E6A3-9166-4B0F-8BA5-3F2CB4C0DA62}.Debug|Any CPU.Build.0 = Debug|Any CPU
		{AC38E6A3-9166-4B0F-8BA5-3F2CB4C0DA62}.Release|Any CPU.ActiveCfg = Release|Any CPU
		{AC38E6A3-9166-4B0F-8BA5-3F2CB4C0DA62}.Release|Any CPU.Build.0 = Release|Any CPU
	EndGlobalSection
	GlobalSection(SolutionProperties) = preSolution
		HideSolutionNode = FALSE
	EndGlobalSection
	GlobalSection(ExtensibilityGlobals) = postSolution
		SolutionGuid = {333B74A2-F840-4009-81D2-B82B9CA55A0A}
	EndGlobalSection
EndGlobal
